<Solution>
  <Configurations>
    <Platform Name="ARM64" />
    <Platform Name="x64" />
    <Platform Name="x86" />
  </Configurations>
  <Project Path="src/Orayo.Core/Orayo.Core.csproj" />
  <Folder Name="/tests/">
    <Project Path="tests/Orayo.Core.Tests/Orayo.Core.Tests.csproj" />
  </Folder>
  <Project Path="src/Orayo/Orayo.csproj">
    <Platform Solution="*|ARM64" Project="ARM64" />
    <Platform Solution="*|x64" Project="x64" />
    <Platform Solution="*|x86" Project="x86" />
  </Project>
</Solution>

